{
  "version": 4,
  "terraform_version": "1.13.4",
  "serial": 3,
  "lineage": "18a42dae-26fa-e7a1-bdd1-5de70c973f02",
  "outputs": {},
  "resources": [
    {
      "mode": "data",
      "type": "azurerm_resource_group",
      "name": "existing",
      "provider": "provider[\"registry.terraform.io/hashicorp/azurerm\"]",
      "instances": [
        {
          "schema_version": 0,
          "attributes": {
            "id": "/subscriptions/18a54fef-d36d-4d1c-b7b4-c468a773149b/resourceGroups/rg-group1-sch",
            "location": "swedencentral",
            "managed_by": "",
            "name": "rg-group1-sch",
            "tags": {
              "CreatedAt": "2025-11-11T12:06:19Z",
              "Environment": "sch",
              "GroupNumber": "1",
              "ManagedBy": "Terraform"
            },
            "timeouts": null
          },
          "sensitive_attributes": [],
          "identity_schema_version": 0
        }
      ]
    },
    {
      "mode": "managed",
      "type": "azurerm_app_service",
      "name": "app",
      "provider": "provider[\"registry.terraform.io/hashicorp/azurerm\"]",
      "instances": [
        {
          "schema_version": 0,
          "attributes": {
            "app_service_plan_id": "/subscriptions/18a54fef-d36d-4d1c-b7b4-c468a773149b/resourceGroups/rg-group1-sch/providers/Microsoft.Web/serverFarms/photomvc-plan",
            "app_settings": {
              "WEBSITE_RUN_FROM_PACKAGE": "1"
            },
            "auth_settings": [
              {
                "active_directory": [],
                "additional_login_params": {},
                "allowed_external_redirect_urls": [],
                "default_provider": "",
                "enabled": false,
                "facebook": [],
                "google": [],
                "issuer": "",
                "microsoft": [],
                "runtime_version": "",
                "token_refresh_extension_hours": 0,
                "token_store_enabled": false,
                "twitter": [],
                "unauthenticated_client_action": ""
              }
            ],
            "backup": [],
            "client_affinity_enabled": false,
            "client_cert_enabled": false,
            "client_cert_mode": "Required",
            "connection_string": [],
            "custom_domain_verification_id": "9227C381BF3A1A7E7B1FB65EE5F64FDBC6702414CA4A8E5D2662A9EDEE8368AB",
            "default_site_hostname": "photomvc-app.azurewebsites.net",
            "enabled": true,
            "https_only": false,
            "id": "/subscriptions/18a54fef-d36d-4d1c-b7b4-c468a773149b/resourceGroups/rg-group1-sch/providers/Microsoft.Web/sites/photomvc-app",
            "identity": [],
            "key_vault_reference_identity_id": "SystemAssigned",
            "location": "swedencentral",
            "logs": [
              {
                "application_logs": [
                  {
                    "azure_blob_storage": [],
                    "file_system_level": "Off"
                  }
                ],
                "detailed_error_messages_enabled": false,
                "failed_request_tracing_enabled": false,
                "http_logs": [
                  {
                    "azure_blob_storage": [],
                    "file_system": []
                  }
                ]
              }
            ],
            "name": "photomvc-app",
            "outbound_ip_address_list": [
              "9.223.45.253",
              "9.223.46.101",
              "9.223.47.6",
              "9.223.44.163",
              "9.223.43.142",
              "9.223.46.23",
              "9.223.41.217",
              "9.223.40.38",
              "9.223.42.25",
              "9.223.42.41",
              "9.223.42.200",
              "9.223.43.11",
              "51.12.31.15"
            ],
            "outbound_ip_addresses": "9.223.45.253,9.223.46.101,9.223.47.6,9.223.44.163,9.223.43.142,9.223.46.23,9.223.41.217,9.223.40.38,9.223.42.25,9.223.42.41,9.223.42.200,9.223.43.11,51.12.31.15",
            "possible_outbound_ip_address_list": [
              "9.223.45.253",
              "9.223.46.101",
              "9.223.47.6",
              "9.223.44.163",
              "9.223.43.142",
              "9.223.46.23",
              "9.223.41.217",
              "9.223.40.38",
              "9.223.42.25",
              "9.223.42.41",
              "9.223.42.200",
              "9.223.43.11",
              "9.223.41.53",
              "9.223.41.203",
              "9.223.43.127",
              "9.223.40.242",
              "9.223.43.250",
              "9.223.44.146",
              "9.223.41.95",
              "9.223.45.86",
              "9.223.45.181",
              "9.223.42.226",
              "9.223.45.240",
              "9.223.45.248",
              "9.223.24.3",
              "9.223.24.12",
              "9.223.24.54",
              "9.223.24.58",
              "9.223.24.80",
              "9.223.24.94",
              "51.12.31.15"
            ],
            "possible_outbound_ip_addresses": "9.223.45.253,9.223.46.101,9.223.47.6,9.223.44.163,9.223.43.142,9.223.46.23,9.223.41.217,9.223.40.38,9.223.42.25,9.223.42.41,9.223.42.200,9.223.43.11,9.223.41.53,9.223.41.203,9.223.43.127,9.223.40.242,9.223.43.250,9.223.44.146,9.223.41.95,9.223.45.86,9.223.45.181,9.223.42.226,9.223.45.240,9.223.45.248,9.223.24.3,9.223.24.12,9.223.24.54,9.223.24.58,9.223.24.80,9.223.24.94,51.12.31.15",
            "resource_group_name": "rg-group1-sch",
            "site_config": [
              {
                "acr_use_managed_identity_credentials": false,
                "acr_user_managed_identity_client_id": "",
                "always_on": false,
                "app_command_line": "",
                "auto_swap_slot_name": "",
                "cors": [
                  {
                    "allowed_origins": [],
                    "support_credentials": false
                  }
                ],
                "default_documents": null,
                "dotnet_framework_version": "v4.0",
                "ftps_state": "FtpsOnly",
                "health_check_path": "",
                "http2_enabled": false,
                "ip_restriction": [],
                "java_container": "",
                "java_container_version": "",
                "java_version": "",
                "linux_fx_version": "DOTNET|9.0",
                "local_mysql_enabled": false,
                "managed_pipeline_mode": "Integrated",
                "min_tls_version": "1.2",
                "number_of_workers": 1,
                "php_version": "",
                "python_version": "",
                "remote_debugging_enabled": false,
                "remote_debugging_version": "VS2022",
                "scm_ip_restriction": [],
                "scm_type": "None",
                "scm_use_main_ip_restriction": false,
                "use_32_bit_worker_process": false,
                "vnet_route_all_enabled": false,
                "websockets_enabled": false,
                "windows_fx_version": ""
              }
            ],
            "site_credential": [
              {
                "password": "XlPhwBmwQ0WmCmclNi6kbcN8pmMmX4wg5itEF9y2eEZ9jmP28suGGwjrYedQ",
                "username": "$photomvc-app"
              }
            ],
            "source_control": [
              {
                "branch": "main",
                "manual_integration": false,
                "repo_url": "",
                "rollback_enabled": false,
                "use_mercurial": false
              }
            ],
            "storage_account": [],
            "tags": null,
            "timeouts": null
          },
          "sensitive_attributes": [],
          "identity_schema_version": 0,
          "private": "eyJlMmJmYjczMC1lY2FhLTExZTYtOGY4OC0zNDM2M2JjN2M0YzAiOnsiY3JlYXRlIjoxODAwMDAwMDAwMDAwLCJkZWxldGUiOjE4MDAwMDAwMDAwMDAsInJlYWQiOjMwMDAwMDAwMDAwMCwidXBkYXRlIjoxODAwMDAwMDAwMDAwfX0=",
          "dependencies": [
            "azurerm_app_service_plan.plan",
            "data.azurerm_resource_group.existing"
          ]
        }
      ]
    },
    {
      "mode": "managed",
      "type": "azurerm_app_service_plan",
      "name": "plan",
      "provider": "provider[\"registry.terraform.io/hashicorp/azurerm\"]",
      "instances": [
        {
          "schema_version": 1,
          "attributes": {
            "app_service_environment_id": "",
            "id": "/subscriptions/18a54fef-d36d-4d1c-b7b4-c468a773149b/resourceGroups/rg-group1-sch/providers/Microsoft.Web/serverFarms/photomvc-plan",
            "is_xenon": false,
            "kind": "linux",
            "location": "swedencentral",
            "maximum_elastic_worker_count": 1,
            "maximum_number_of_workers": 3,
            "name": "photomvc-plan",
            "per_site_scaling": false,
            "reserved": true,
            "resource_group_name": "rg-group1-sch",
            "sku": [
              {
                "capacity": 1,
                "size": "B1",
                "tier": "Basic"
              }
            ],
            "tags": null,
            "timeouts": null,
            "zone_redundant": false
          },
          "sensitive_attributes": [],
          "identity_schema_version": 0,
          "private": "eyJlMmJmYjczMC1lY2FhLTExZTYtOGY4OC0zNDM2M2JjN2M0YzAiOnsiY3JlYXRlIjozNjAwMDAwMDAwMDAwLCJkZWxldGUiOjM2MDAwMDAwMDAwMDAsInJlYWQiOjMwMDAwMDAwMDAwMCwidXBkYXRlIjozNjAwMDAwMDAwMDAwfSwic2NoZW1hX3ZlcnNpb24iOiIxIn0=",
          "dependencies": [
            "data.azurerm_resource_group.existing"
          ]
        }
      ]
    }
  ],
  "check_results": null
}
