{
  "version": 4,
  "terraform_version": "1.13.4",
  "serial": 18,
  "lineage": "d5dc60a7-865d-14e4-43d3-503b154a7777",
  "outputs": {},
  "resources": [
    {
      "mode": "data",
      "type": "azurerm_resource_group",
      "name": "existing",
      "provider": "provider[\"registry.terraform.io/hashicorp/azurerm\"]",
      "instances": [
        {
          "schema_version": 0,
          "attributes": {
            "id": "/subscriptions/18a54fef-d36d-4d1c-b7b4-c468a773149b/resourceGroups/rg-group1-sch",
            "location": "swedencentral",
            "managed_by": "",
            "name": "rg-group1-sch",
            "tags": {
              "CreatedAt": "2025-11-07T12:06:37Z",
              "Environment": "sch",
              "GroupNumber": "1",
              "ManagedBy": "Terraform"
            },
            "timeouts": null
          },
          "sensitive_attributes": [],
          "identity_schema_version": 0
        }
      ]
    },
    {
      "mode": "managed",
      "type": "azurerm_app_service",
      "name": "app",
      "provider": "provider[\"registry.terraform.io/hashicorp/azurerm\"]",
      "instances": [
        {
          "schema_version": 0,
          "attributes": {
            "app_service_plan_id": "/subscriptions/18a54fef-d36d-4d1c-b7b4-c468a773149b/resourceGroups/rg-group1-sch/providers/Microsoft.Web/serverFarms/photomvc-plan",
            "app_settings": {
              "WEBSITE_RUN_FROM_PACKAGE": "1"
            },
            "auth_settings": [
              {
                "active_directory": [],
                "additional_login_params": {},
                "allowed_external_redirect_urls": [],
                "default_provider": "",
                "enabled": false,
                "facebook": [],
                "google": [],
                "issuer": "",
                "microsoft": [],
                "runtime_version": "",
                "token_refresh_extension_hours": 0,
                "token_store_enabled": false,
                "twitter": [],
                "unauthenticated_client_action": ""
              }
            ],
            "backup": [],
            "client_affinity_enabled": false,
            "client_cert_enabled": false,
            "client_cert_mode": "Required",
            "connection_string": [],
            "custom_domain_verification_id": "9227C381BF3A1A7E7B1FB65EE5F64FDBC6702414CA4A8E5D2662A9EDEE8368AB",
            "default_site_hostname": "photomvc-app.azurewebsites.net",
            "enabled": true,
            "https_only": false,
            "id": "/subscriptions/18a54fef-d36d-4d1c-b7b4-c468a773149b/resourceGroups/rg-group1-sch/providers/Microsoft.Web/sites/photomvc-app",
            "identity": [],
            "key_vault_reference_identity_id": "SystemAssigned",
            "location": "swedencentral",
            "logs": [
              {
                "application_logs": [
                  {
                    "azure_blob_storage": [],
                    "file_system_level": "Off"
                  }
                ],
                "detailed_error_messages_enabled": false,
                "failed_request_tracing_enabled": false,
                "http_logs": [
                  {
                    "azure_blob_storage": [],
                    "file_system": []
                  }
                ]
              }
            ],
            "name": "photomvc-app",
            "outbound_ip_address_list": [
              "4.225.195.99",
              "4.225.24.190",
              "4.225.24.198",
              "4.225.24.204",
              "74.241.204.158",
              "74.241.207.29",
              "74.241.209.196",
              "74.241.210.225",
              "74.241.210.245",
              "74.241.211.183",
              "74.241.212.216",
              "74.241.212.222",
              "51.12.31.8"
            ],
            "outbound_ip_addresses": "4.225.195.99,4.225.24.190,4.225.24.198,4.225.24.204,74.241.204.158,74.241.207.29,74.241.209.196,74.241.210.225,74.241.210.245,74.241.211.183,74.241.212.216,74.241.212.222,51.12.31.8",
            "possible_outbound_ip_address_list": [
              "4.225.195.99",
              "4.225.24.190",
              "4.225.24.198",
              "4.225.24.204",
              "74.241.204.158",
              "74.241.207.29",
              "74.241.209.196",
              "74.241.210.225",
              "74.241.210.245",
              "74.241.211.183",
              "74.241.212.216",
              "74.241.212.222",
              "74.241.213.67",
              "135.225.16.25",
              "135.225.16.84",
              "4.225.77.153",
              "74.241.142.64",
              "4.225.78.82",
              "4.225.78.152",
              "4.225.199.217",
              "4.225.79.236",
              "4.225.78.165",
              "4.225.24.11",
              "4.225.24.110",
              "4.225.76.9",
              "4.225.25.42",
              "74.241.203.193",
              "4.225.25.74",
              "4.225.25.129",
              "4.225.25.132",
              "51.12.31.8"
            ],
            "possible_outbound_ip_addresses": "4.225.195.99,4.225.24.190,4.225.24.198,4.225.24.204,74.241.204.158,74.241.207.29,74.241.209.196,74.241.210.225,74.241.210.245,74.241.211.183,74.241.212.216,74.241.212.222,74.241.213.67,135.225.16.25,135.225.16.84,4.225.77.153,74.241.142.64,4.225.78.82,4.225.78.152,4.225.199.217,4.225.79.236,4.225.78.165,4.225.24.11,4.225.24.110,4.225.76.9,4.225.25.42,74.241.203.193,4.225.25.74,4.225.25.129,4.225.25.132,51.12.31.8",
            "resource_group_name": "rg-group1-sch",
            "site_config": [
              {
                "acr_use_managed_identity_credentials": false,
                "acr_user_managed_identity_client_id": "",
                "always_on": false,
                "app_command_line": "",
                "auto_swap_slot_name": "",
                "cors": [
                  {
                    "allowed_origins": [],
                    "support_credentials": false
                  }
                ],
                "default_documents": null,
                "dotnet_framework_version": "v4.0",
                "ftps_state": "FtpsOnly",
                "health_check_path": "",
                "http2_enabled": false,
                "ip_restriction": [],
                "java_container": "",
                "java_container_version": "",
                "java_version": "",
                "linux_fx_version": "DOTNET|9.0",
                "local_mysql_enabled": false,
                "managed_pipeline_mode": "Integrated",
                "min_tls_version": "1.2",
                "number_of_workers": 1,
                "php_version": "",
                "python_version": "",
                "remote_debugging_enabled": false,
                "remote_debugging_version": "VS2022",
                "scm_ip_restriction": [],
                "scm_type": "None",
                "scm_use_main_ip_restriction": false,
                "use_32_bit_worker_process": false,
                "vnet_route_all_enabled": false,
                "websockets_enabled": false,
                "windows_fx_version": ""
              }
            ],
            "site_credential": [
              {
                "password": "n5oqArFAphaLa2h3XgFgnJwAsp4aeR4v2MiYCjlyX6lCeTb0ZMRJfkNExwbM",
                "username": "$photomvc-app"
              }
            ],
            "source_control": [
              {
                "branch": "main",
                "manual_integration": false,
                "repo_url": "",
                "rollback_enabled": false,
                "use_mercurial": false
              }
            ],
            "storage_account": [],
            "tags": null,
            "timeouts": null
          },
          "sensitive_attributes": [],
          "identity_schema_version": 0,
          "private": "eyJlMmJmYjczMC1lY2FhLTExZTYtOGY4OC0zNDM2M2JjN2M0YzAiOnsiY3JlYXRlIjoxODAwMDAwMDAwMDAwLCJkZWxldGUiOjE4MDAwMDAwMDAwMDAsInJlYWQiOjMwMDAwMDAwMDAwMCwidXBkYXRlIjoxODAwMDAwMDAwMDAwfX0=",
          "dependencies": [
            "azurerm_app_service_plan.plan",
            "data.azurerm_resource_group.existing"
          ]
        }
      ]
    },
    {
      "mode": "managed",
      "type": "azurerm_app_service_plan",
      "name": "plan",
      "provider": "provider[\"registry.terraform.io/hashicorp/azurerm\"]",
      "instances": [
        {
          "schema_version": 1,
          "attributes": {
            "app_service_environment_id": "",
            "id": "/subscriptions/18a54fef-d36d-4d1c-b7b4-c468a773149b/resourceGroups/rg-group1-sch/providers/Microsoft.Web/serverFarms/photomvc-plan",
            "is_xenon": false,
            "kind": "linux",
            "location": "swedencentral",
            "maximum_elastic_worker_count": 1,
            "maximum_number_of_workers": 3,
            "name": "photomvc-plan",
            "per_site_scaling": false,
            "reserved": true,
            "resource_group_name": "rg-group1-sch",
            "sku": [
              {
                "capacity": 1,
                "size": "B1",
                "tier": "Basic"
              }
            ],
            "tags": null,
            "timeouts": null,
            "zone_redundant": false
          },
          "sensitive_attributes": [],
          "identity_schema_version": 0,
          "private": "eyJlMmJmYjczMC1lY2FhLTExZTYtOGY4OC0zNDM2M2JjN2M0YzAiOnsiY3JlYXRlIjozNjAwMDAwMDAwMDAwLCJkZWxldGUiOjM2MDAwMDAwMDAwMDAsInJlYWQiOjMwMDAwMDAwMDAwMCwidXBkYXRlIjozNjAwMDAwMDAwMDAwfSwic2NoZW1hX3ZlcnNpb24iOiIxIn0=",
          "dependencies": [
            "data.azurerm_resource_group.existing"
          ]
        }
      ]
    }
  ],
  "check_results": null
}
